
Microsoft Visual Studio Solution File, Format Version 12.00
# Visual Studio 15
Project("{FAE04EC0-301F-11D3-BF4B-00C04F79EFBC}") = "Bongloy.net", "Bongloy.net\Bongloy.net.csproj", "{CBC38D61-71B3-4D53-BD39-7EF6784C95E0}"
EndProject
Global
	GlobalSection(SolutionConfigurationPlatforms) = preSolution
		Debug|Any CPU = Debug|Any CPU
		Release|Any CPU = Release|Any CPU
	EndGlobalSection
	GlobalSection(ProjectConfigurationPlatforms) = postSolution
		{CBC38D61-71B3-4D53-BD39-7EF6784C95E0}.Debug|Any CPU.ActiveCfg = Debug|Any CPU
		{CBC38D61-71B3-4D53-BD39-7EF6784C95E0}.Debug|Any CPU.Build.0 = Debug|Any CPU
		{CBC38D61-71B3-4D53-BD39-7EF6784C95E0}.Release|Any CPU.ActiveCfg = Release|Any CPU
		{CBC38D61-71B3-4D53-BD39-7EF6784C95E0}.Release|Any CPU.Build.0 = Release|Any CPU
	EndGlobalSection
EndGlobal
